{
  "requires": true,
  "lockfileVersion": 1,
  "dependencies": {
    "@zip.js/zip.js": {
      "version": "2.6.21",
      "resolved": "https://registry.npmjs.org/@zip.js/zip.js/-/zip.js-2.6.21.tgz",
      "integrity": "sha512-q93C7qRiHaqV993mZgU2AjfcbTYi/bMCGsH280vMJ3DEwxvK89DT2FoK3M6HHnYLh7eAzuNpbuISzFqgEUItcA=="
    }
  }
}
